
Microsoft Visual Studio Solution File, Format Version 11.00
# Visual Studio 2010
Project("{FAE04EC0-301F-11D3-BF4B-00C04F79EFBC}") = "ClashEngine.NET", "Src\ClashEngine.NET\ClashEngine.NET.csproj", "{B4B721BF-B415-4A71-AE0F-A2F379B1A730}"
EndProject
Project("{FAE04EC0-301F-11D3-BF4B-00C04F79EFBC}") = "ClashEngine.NET.Tests", "Src\ClashEngine.NET.Tests\ClashEngine.NET.Tests.csproj", "{F8FCA094-5439-428C-80C6-A585B2E70B52}"
EndProject
Project("{FAE04EC0-301F-11D3-BF4B-00C04F79EFBC}") = "Kingdoms Clash.NET.Server", "Src\Kingdoms Clash.NET\Kingdoms Clash.NET.Server.csproj", "{F47E554A-C283-4CD0-BB86-A5A410087EFC}"
EndProject
Global
	GlobalSection(SolutionConfigurationPlatforms) = preSolution
		Debug|Any CPU = Debug|Any CPU
		Debug|Mixed Platforms = Debug|Mixed Platforms
		Debug|x86 = Debug|x86
		Release|Any CPU = Release|Any CPU
		Release|Mixed Platforms = Release|Mixed Platforms
		Release|x86 = Release|x86
	EndGlobalSection
	GlobalSection(ProjectConfigurationPlatforms) = postSolution
		{3A6CAB6A-27B7-4A22-88B6-F1D6CECBAA03}.Debug|Any CPU.ActiveCfg = Debug|Any CPU
		{3A6CAB6A-27B7-4A22-88B6-F1D6CECBAA03}.Debug|Any CPU.Build.0 = Debug|Any CPU
		{3A6CAB6A-27B7-4A22-88B6-F1D6CECBAA03}.Debug|Mixed Platforms.ActiveCfg = Debug|x86
		{3A6CAB6A-27B7-4A22-88B6-F1D6CECBAA03}.Debug|Mixed Platforms.Build.0 = Debug|x86
		{3A6CAB6A-27B7-4A22-88B6-F1D6CECBAA03}.Debug|x86.ActiveCfg = Debug|x86
		{3A6CAB6A-27B7-4A22-88B6-F1D6CECBAA03}.Debug|x86.Build.0 = Debug|x86
		{3A6CAB6A-27B7-4A22-88B6-F1D6CECBAA03}.Release|Any CPU.ActiveCfg = Release|Any CPU
		{3A6CAB6A-27B7-4A22-88B6-F1D6CECBAA03}.Release|Any CPU.Build.0 = Release|Any CPU
		{3A6CAB6A-27B7-4A22-88B6-F1D6CECBAA03}.Release|Mixed Platforms.ActiveCfg = Release|x86
		{3A6CAB6A-27B7-4A22-88B6-F1D6CECBAA03}.Release|Mixed Platforms.Build.0 = Release|x86
		{3A6CAB6A-27B7-4A22-88B6-F1D6CECBAA03}.Release|x86.ActiveCfg = Release|x86
		{3A6CAB6A-27B7-4A22-88B6-F1D6CECBAA03}.Release|x86.Build.0 = Release|x86
		{B4B721BF-B415-4A71-AE0F-A2F379B1A730}.Debug|Any CPU.ActiveCfg = Debug|Any CPU
		{B4B721BF-B415-4A71-AE0F-A2F379B1A730}.Debug|Any CPU.Build.0 = Debug|Any CPU
		{B4B721BF-B415-4A71-AE0F-A2F379B1A730}.Debug|Mixed Platforms.ActiveCfg = Debug|Any CPU
		{B4B721BF-B415-4A71-AE0F-A2F379B1A730}.Debug|Mixed Platforms.Build.0 = Debug|Any CPU
		{B4B721BF-B415-4A71-AE0F-A2F379B1A730}.Debug|x86.ActiveCfg = Debug|x86
		{B4B721BF-B415-4A71-AE0F-A2F379B1A730}.Debug|x86.Build.0 = Debug|x86
		{B4B721BF-B415-4A71-AE0F-A2F379B1A730}.Release|Any CPU.ActiveCfg = Release|Any CPU
		{B4B721BF-B415-4A71-AE0F-A2F379B1A730}.Release|Any CPU.Build.0 = Release|Any CPU
		{B4B721BF-B415-4A71-AE0F-A2F379B1A730}.Release|Mixed Platforms.ActiveCfg = Release|Any CPU
		{B4B721BF-B415-4A71-AE0F-A2F379B1A730}.Release|Mixed Platforms.Build.0 = Release|Any CPU
		{B4B721BF-B415-4A71-AE0F-A2F379B1A730}.Release|x86.ActiveCfg = Release|Any CPU
		{B4B721BF-B415-4A71-AE0F-A2F379B1A730}.Release|x86.Build.0 = Release|Any CPU
		{F8FCA094-5439-428C-80C6-A585B2E70B52}.Debug|Any CPU.ActiveCfg = Debug|Any CPU
		{F8FCA094-5439-428C-80C6-A585B2E70B52}.Debug|Any CPU.Build.0 = Debug|Any CPU
		{F8FCA094-5439-428C-80C6-A585B2E70B52}.Debug|Mixed Platforms.ActiveCfg = Debug|Any CPU
		{F8FCA094-5439-428C-80C6-A585B2E70B52}.Debug|Mixed Platforms.Build.0 = Debug|Any CPU
		{F8FCA094-5439-428C-80C6-A585B2E70B52}.Debug|x86.ActiveCfg = Debug|x86
		{F8FCA094-5439-428C-80C6-A585B2E70B52}.Debug|x86.Build.0 = Debug|x86
		{F8FCA094-5439-428C-80C6-A585B2E70B52}.Release|Any CPU.ActiveCfg = Release|Any CPU
		{F8FCA094-5439-428C-80C6-A585B2E70B52}.Release|Any CPU.Build.0 = Release|Any CPU
		{F8FCA094-5439-428C-80C6-A585B2E70B52}.Release|Mixed Platforms.ActiveCfg = Release|Any CPU
		{F8FCA094-5439-428C-80C6-A585B2E70B52}.Release|Mixed Platforms.Build.0 = Release|Any CPU
		{F8FCA094-5439-428C-80C6-A585B2E70B52}.Release|x86.ActiveCfg = Release|Any CPU
		{F8FCA094-5439-428C-80C6-A585B2E70B52}.Release|x86.Build.0 = Release|Any CPU
		{2F2A0353-867B-4089-9EE9-68F027730C62}.Debug|Any CPU.ActiveCfg = Debug|Any CPU
		{2F2A0353-867B-4089-9EE9-68F027730C62}.Debug|Any CPU.Build.0 = Debug|Any CPU
		{2F2A0353-867B-4089-9EE9-68F027730C62}.Debug|Mixed Platforms.ActiveCfg = Debug|Any CPU
		{2F2A0353-867B-4089-9EE9-68F027730C62}.Debug|Mixed Platforms.Build.0 = Debug|Any CPU
		{2F2A0353-867B-4089-9EE9-68F027730C62}.Debug|x86.ActiveCfg = Debug|x86
		{2F2A0353-867B-4089-9EE9-68F027730C62}.Debug|x86.Build.0 = Debug|x86
		{2F2A0353-867B-4089-9EE9-68F027730C62}.Release|Any CPU.ActiveCfg = Release|Any CPU
		{2F2A0353-867B-4089-9EE9-68F027730C62}.Release|Any CPU.Build.0 = Release|Any CPU
		{2F2A0353-867B-4089-9EE9-68F027730C62}.Release|Mixed Platforms.ActiveCfg = Release|Any CPU
		{2F2A0353-867B-4089-9EE9-68F027730C62}.Release|Mixed Platforms.Build.0 = Release|Any CPU
		{2F2A0353-867B-4089-9EE9-68F027730C62}.Release|x86.ActiveCfg = Release|Any CPU
		{2F2A0353-867B-4089-9EE9-68F027730C62}.Release|x86.Build.0 = Release|Any CPU
		{F47E554A-C283-4CD0-BB86-A5A410087EFC}.Debug|Any CPU.ActiveCfg = Debug|Any CPU
		{F47E554A-C283-4CD0-BB86-A5A410087EFC}.Debug|Any CPU.Build.0 = Debug|Any CPU
		{F47E554A-C283-4CD0-BB86-A5A410087EFC}.Debug|Mixed Platforms.ActiveCfg = Debug|Any CPU
		{F47E554A-C283-4CD0-BB86-A5A410087EFC}.Debug|Mixed Platforms.Build.0 = Debug|Any CPU
		{F47E554A-C283-4CD0-BB86-A5A410087EFC}.Debug|x86.ActiveCfg = Debug|x86
		{F47E554A-C283-4CD0-BB86-A5A410087EFC}.Debug|x86.Build.0 = Debug|x86
		{F47E554A-C283-4CD0-BB86-A5A410087EFC}.Release|Any CPU.ActiveCfg = Release|Any CPU
		{F47E554A-C283-4CD0-BB86-A5A410087EFC}.Release|Any CPU.Build.0 = Release|Any CPU
		{F47E554A-C283-4CD0-BB86-A5A410087EFC}.Release|Mixed Platforms.ActiveCfg = Release|Any CPU
		{F47E554A-C283-4CD0-BB86-A5A410087EFC}.Release|Mixed Platforms.Build.0 = Release|Any CPU
		{F47E554A-C283-4CD0-BB86-A5A410087EFC}.Release|x86.ActiveCfg = Release|x86
		{F47E554A-C283-4CD0-BB86-A5A410087EFC}.Release|x86.Build.0 = Release|x86
	EndGlobalSection
	GlobalSection(SolutionProperties) = preSolution
		HideSolutionNode = FALSE
	EndGlobalSection
EndGlobal
